
Microsoft Visual Studio Solution File, Format Version 12.00
# Visual Studio Version 17
VisualStudioVersion = 17.4.33213.308
MinimumVisualStudioVersion = 10.0.40219.1
Project("{9A19103F-16F7-4668-BE54-9A1E7A4F7556}") = "SDK_Laboratoire1", "SDK_Laboratoire1\SDK_Laboratoire1.csproj", "{4F7FC12E-D95F-4F83-ADAE-3AFC8FA63F62}"
EndProject
Project("{FAE04EC0-301F-11D3-BF4B-00C04F79EFBC}") = "LibrairieConversionNote", "LibrairieConversionNote\LibrairieConversionNote.csproj", "{A38DDD52-1D11-483C-8B83-BDB55204ED12}"
EndProject
Global
	GlobalSection(SolutionConfigurationPlatforms) = preSolution
		Debug|Any CPU = Debug|Any CPU
		Release|Any CPU = Release|Any CPU
	EndGlobalSection
	GlobalSection(ProjectConfigurationPlatforms) = postSolution
		{4F7FC12E-D95F-4F83-ADAE-3AFC8FA63F62}.Debug|Any CPU.ActiveCfg = Debug|Any CPU
		{4F7FC12E-D95F-4F83-ADAE-3AFC8FA63F62}.Debug|Any CPU.Build.0 = Debug|Any CPU
		{4F7FC12E-D95F-4F83-ADAE-3AFC8FA63F62}.Release|Any CPU.ActiveCfg = Release|Any CPU
		{4F7FC12E-D95F-4F83-ADAE-3AFC8FA63F62}.Release|Any CPU.Build.0 = Release|Any CPU
		{A38DDD52-1D11-483C-8B83-BDB55204ED12}.Debug|Any CPU.ActiveCfg = Debug|Any CPU
		{A38DDD52-1D11-483C-8B83-BDB55204ED12}.Debug|Any CPU.Build.0 = Debug|Any CPU
		{A38DDD52-1D11-483C-8B83-BDB55204ED12}.Release|Any CPU.ActiveCfg = Release|Any CPU
		{A38DDD52-1D11-483C-8B83-BDB55204ED12}.Release|Any CPU.Build.0 = Release|Any CPU
	EndGlobalSection
	GlobalSection(SolutionProperties) = preSolution
		HideSolutionNode = FALSE
	EndGlobalSection
	GlobalSection(ExtensibilityGlobals) = postSolution
		SolutionGuid = {660768DB-ACE7-4705-AA1B-A06012AC4F8B}
	EndGlobalSection
EndGlobal
